Microsoft Visual Studio Solution File, Format Version 11.00
# Visual Studio 2008

Project("{07BE7048-219C-729A-ED81-BC047C7928EE}") = "LoganPJeremyB_ADGP_130", "Assembly-CSharp.csproj", "{38ED97B0-34C7-0C1A-933D-3AFC42E5F11A}"
EndProject
Global
	GlobalSection(SolutionConfigurationPlatforms) = preSolution
		Debug|Any CPU = Debug|Any CPU
		Release|Any CPU = Release|Any CPU
	EndGlobalSection
	GlobalSection(ProjectConfigurationPlatforms) = postSolution
		{38ED97B0-34C7-0C1A-933D-3AFC42E5F11A}.Debug|Any CPU.ActiveCfg = Debug|Any CPU
		{38ED97B0-34C7-0C1A-933D-3AFC42E5F11A}.Debug|Any CPU.Build.0 = Debug|Any CPU
		{38ED97B0-34C7-0C1A-933D-3AFC42E5F11A}.Release|Any CPU.ActiveCfg = Release|Any CPU
		{38ED97B0-34C7-0C1A-933D-3AFC42E5F11A}.Release|Any CPU.Build.0 = Release|Any CPU
	EndGlobalSection
	GlobalSection(SolutionProperties) = preSolution
		HideSolutionNode = FALSE
	EndGlobalSection
	GlobalSection(MonoDevelopProperties) = preSolution
		StartupItem = Assembly-CSharp.csproj
	EndGlobalSection
EndGlobal
